
Microsoft Visual Studio Solution File, Format Version 12.00
# Visual Studio 14
VisualStudioVersion = 14.0.23107.0
MinimumVisualStudioVersion = 10.0.40219.1
Project("{FAE04EC0-301F-11D3-BF4B-00C04F79EFBC}") = "AbakonXVWPF", "AbakonXV\AbakonXVWPF.csproj", "{4C8B6B2C-AC8B-42FB-87E8-38F855C53B33}"
EndProject
Project("{FAE04EC0-301F-11D3-BF4B-00C04F79EFBC}") = "AbakonData", "AbakonData\AbakonData.csproj", "{36C6B1A2-4DCC-4120-B31A-61B4980BAEFC}"
EndProject
Global
	GlobalSection(SolutionConfigurationPlatforms) = preSolution
		Debug|Any CPU = Debug|Any CPU
		Release|Any CPU = Release|Any CPU
	EndGlobalSection
	GlobalSection(ProjectConfigurationPlatforms) = postSolution
		{4C8B6B2C-AC8B-42FB-87E8-38F855C53B33}.Debug|Any CPU.ActiveCfg = Debug|Any CPU
		{4C8B6B2C-AC8B-42FB-87E8-38F855C53B33}.Debug|Any CPU.Build.0 = Debug|Any CPU
		{4C8B6B2C-AC8B-42FB-87E8-38F855C53B33}.Release|Any CPU.ActiveCfg = Release|Any CPU
		{4C8B6B2C-AC8B-42FB-87E8-38F855C53B33}.Release|Any CPU.Build.0 = Release|Any CPU
		{36C6B1A2-4DCC-4120-B31A-61B4980BAEFC}.Debug|Any CPU.ActiveCfg = Debug|Any CPU
		{36C6B1A2-4DCC-4120-B31A-61B4980BAEFC}.Debug|Any CPU.Build.0 = Debug|Any CPU
		{36C6B1A2-4DCC-4120-B31A-61B4980BAEFC}.Release|Any CPU.ActiveCfg = Release|Any CPU
		{36C6B1A2-4DCC-4120-B31A-61B4980BAEFC}.Release|Any CPU.Build.0 = Release|Any CPU
	EndGlobalSection
	GlobalSection(SolutionProperties) = preSolution
		HideSolutionNode = FALSE
	EndGlobalSection
EndGlobal
